
Microsoft Visual Studio Solution File, Format Version 12.00
# Visual Studio Version 16
VisualStudioVersion = 16.0.31424.327
MinimumVisualStudioVersion = 10.0.40219.1
Project("{9092AA53-FB77-4645-B42D-1CCCA6BD08BD}") = "ts", "TypeScript Daily Problems\ts.njsproj", "{2266020B-EF3B-4EE9-BAD5-30FCE3FFE316}"
EndProject
Project("{9092AA53-FB77-4645-B42D-1CCCA6BD08BD}") = "js", "JS Daily Problems\js.njsproj", "{49AFEFCF-19C1-4D7B-8277-FE0CF90EB7B8}"
EndProject
Global
	GlobalSection(SolutionConfigurationPlatforms) = preSolution
		Debug|Any CPU = Debug|Any CPU
		Release|Any CPU = Release|Any CPU
	EndGlobalSection
	GlobalSection(ProjectConfigurationPlatforms) = postSolution
		{2266020B-EF3B-4EE9-BAD5-30FCE3FFE316}.Debug|Any CPU.ActiveCfg = Debug|Any CPU
		{2266020B-EF3B-4EE9-BAD5-30FCE3FFE316}.Debug|Any CPU.Build.0 = Debug|Any CPU
		{2266020B-EF3B-4EE9-BAD5-30FCE3FFE316}.Release|Any CPU.ActiveCfg = Release|Any CPU
		{2266020B-EF3B-4EE9-BAD5-30FCE3FFE316}.Release|Any CPU.Build.0 = Release|Any CPU
		{49AFEFCF-19C1-4D7B-8277-FE0CF90EB7B8}.Debug|Any CPU.ActiveCfg = Debug|Any CPU
		{49AFEFCF-19C1-4D7B-8277-FE0CF90EB7B8}.Debug|Any CPU.Build.0 = Debug|Any CPU
		{49AFEFCF-19C1-4D7B-8277-FE0CF90EB7B8}.Release|Any CPU.ActiveCfg = Release|Any CPU
		{49AFEFCF-19C1-4D7B-8277-FE0CF90EB7B8}.Release|Any CPU.Build.0 = Release|Any CPU
	EndGlobalSection
	GlobalSection(SolutionProperties) = preSolution
		HideSolutionNode = FALSE
	EndGlobalSection
	GlobalSection(ExtensibilityGlobals) = postSolution
		SolutionGuid = {A9B866AA-10B4-41C8-A0F1-81572BD0E20A}
	EndGlobalSection
EndGlobal
